{
  "name": "photos",
  "version": "1.0.0",
  "lockfileVersion": 1,
  "requires": true,
  "dependencies": {
    "@ohos/browser": {
      "version": "file:../../feature/browser",
      "requires": {
        "@ohos/common": "file:../../common"
      },
      "dependencies": {
        "@ohos/common": {
          "version": "file:../../common"
        }
      }
    },
    "@ohos/common": {
      "version": "file:../../common"
    },
    "@ohos/editor": {
      "version": "file:../../feature/editor",
      "requires": {
        "@ohos/common": "file:../../common"
      },
      "dependencies": {
        "@ohos/common": {
          "version": "file:../../common"
        }
      }
    },
    "@ohos/formAbility": {
      "version": "file:../../feature/formAbility",
      "requires": {
        "@ohos/common": "file:../../common"
      },
      "dependencies": {
        "@ohos/common": {
          "version": "file:../../common"
        }
      }
    },
    "@ohos/thirdselect": {
      "version": "file:../../feature/thirdselect",
      "requires": {
        "@ohos/browser": "file:../../feature/browser",
        "@ohos/common": "file:../../common"
      },
      "dependencies": {
        "@ohos/browser": {
          "version": "file:../../feature/browser",
          "requires": {
            "@ohos/common": "file:../../common"
          },
          "dependencies": {
            "@ohos/common": {
              "version": "file:../../common"
            }
          }
        },
        "@ohos/common": {
          "version": "file:../../common"
        }
      }
    },
    "@ohos/timeline": {
      "version": "file:../../feature/timeline",
      "requires": {
        "@ohos/common": "file:../../common"
      },
      "dependencies": {
        "@ohos/common": {
          "version": "file:../../common"
        }
      }
    }
  }
}
